{
    "name": "dealmakersample",
    "lockfileVersion": 2,
    "requires": true,
    "packages": {
        "": {
            "name": "dealmakersample",
            "dependencies": {
                "axios": "^0.25.0",
                "dealmakerapi": "file:../../clients/javascript",
                "dotenv": "^16.0.0"
            }
        },
        "../../clients/javascript": {
            "name": "dealmakerapi",
            "version": "0.0.1",
            "license": "TODO",
            "dependencies": {
                "@babel/cli": "^7.0.0",
                "superagent": "^5.3.0"
            },
            "devDependencies": {
                "@babel/core": "^7.0.0",
                "@babel/plugin-proposal-class-properties": "^7.0.0",
                "@babel/plugin-proposal-decorators": "^7.0.0",
                "@babel/plugin-proposal-do-expressions": "^7.0.0",
                "@babel/plugin-proposal-export-default-from": "^7.0.0",
                "@babel/plugin-proposal-export-namespace-from": "^7.0.0",
                "@babel/plugin-proposal-function-bind": "^7.0.0",
                "@babel/plugin-proposal-function-sent": "^7.0.0",
                "@babel/plugin-proposal-json-strings": "^7.0.0",
                "@babel/plugin-proposal-logical-assignment-operators": "^7.0.0",
                "@babel/plugin-proposal-nullish-coalescing-operator": "^7.0.0",
                "@babel/plugin-proposal-numeric-separator": "^7.0.0",
                "@babel/plugin-proposal-optional-chaining": "^7.0.0",
                "@babel/plugin-proposal-pipeline-operator": "^7.0.0",
                "@babel/plugin-proposal-throw-expressions": "^7.0.0",
                "@babel/plugin-syntax-dynamic-import": "^7.0.0",
                "@babel/plugin-syntax-import-meta": "^7.0.0",
                "@babel/preset-env": "^7.0.0",
                "@babel/register": "^7.0.0",
                "expect.js": "^0.3.1",
                "mocha": "^8.0.1",
                "sinon": "^7.2.0"
            }
        },
        "node_modules/axios": {
            "version": "0.25.0",
            "resolved": "https://registry.npmjs.org/axios/-/axios-0.25.0.tgz",
            "integrity": "sha512-cD8FOb0tRH3uuEe6+evtAbgJtfxr7ly3fQjYcMcuPlgkwVS9xboaVIpcDV+cYQe+yGykgwZCs1pzjntcGa6l5g==",
            "dependencies": {
                "follow-redirects": "^1.14.7"
            }
        },
        "node_modules/dealmakerapi": {
            "resolved": "../../clients/javascript",
            "link": true
        },
        "node_modules/dotenv": {
            "version": "16.0.0",
            "resolved": "https://registry.npmjs.org/dotenv/-/dotenv-16.0.0.tgz",
            "integrity": "sha512-qD9WU0MPM4SWLPJy/r2Be+2WgQj8plChsyrCNQzW/0WjvcJQiKQJ9mH3ZgB3fxbUUxgc/11ZJ0Fi5KiimWGz2Q==",
            "engines": {
                "node": ">=12"
            }
        },
        "node_modules/follow-redirects": {
            "version": "1.14.7",
            "resolved": "https://registry.npmjs.org/follow-redirects/-/follow-redirects-1.14.7.tgz",
            "integrity": "sha512-+hbxoLbFMbRKDwohX8GkTataGqO6Jb7jGwpAlwgy2bIz25XtRm7KEzJM76R1WiNT5SwZkX4Y75SwBolkpmE7iQ==",
            "funding": [
                {
                    "type": "individual",
                    "url": "https://github.com/sponsors/RubenVerborgh"
                }
            ],
            "engines": {
                "node": ">=4.0"
            },
            "peerDependenciesMeta": {
                "debug": {
                    "optional": true
                }
            }
        }
    },
    "dependencies": {
        "axios": {
            "version": "0.25.0",
            "resolved": "https://registry.npmjs.org/axios/-/axios-0.25.0.tgz",
            "integrity": "sha512-cD8FOb0tRH3uuEe6+evtAbgJtfxr7ly3fQjYcMcuPlgkwVS9xboaVIpcDV+cYQe+yGykgwZCs1pzjntcGa6l5g==",
            "requires": {
                "follow-redirects": "^1.14.7"
            }
        },
        "dealmakerapi": {
            "version": "file:../../clients/javascript",
            "requires": {
                "@babel/cli": "^7.0.0",
                "@babel/core": "^7.0.0",
                "@babel/plugin-proposal-class-properties": "^7.0.0",
                "@babel/plugin-proposal-decorators": "^7.0.0",
                "@babel/plugin-proposal-do-expressions": "^7.0.0",
                "@babel/plugin-proposal-export-default-from": "^7.0.0",
                "@babel/plugin-proposal-export-namespace-from": "^7.0.0",
                "@babel/plugin-proposal-function-bind": "^7.0.0",
                "@babel/plugin-proposal-function-sent": "^7.0.0",
                "@babel/plugin-proposal-json-strings": "^7.0.0",
                "@babel/plugin-proposal-logical-assignment-operators": "^7.0.0",
                "@babel/plugin-proposal-nullish-coalescing-operator": "^7.0.0",
                "@babel/plugin-proposal-numeric-separator": "^7.0.0",
                "@babel/plugin-proposal-optional-chaining": "^7.0.0",
                "@babel/plugin-proposal-pipeline-operator": "^7.0.0",
                "@babel/plugin-proposal-throw-expressions": "^7.0.0",
                "@babel/plugin-syntax-dynamic-import": "^7.0.0",
                "@babel/plugin-syntax-import-meta": "^7.0.0",
                "@babel/preset-env": "^7.0.0",
                "@babel/register": "^7.0.0",
                "expect.js": "^0.3.1",
                "mocha": "^8.0.1",
                "sinon": "^7.2.0",
                "superagent": "^5.3.0"
            }
        },
        "dotenv": {
            "version": "16.0.0",
            "resolved": "https://registry.npmjs.org/dotenv/-/dotenv-16.0.0.tgz",
            "integrity": "sha512-qD9WU0MPM4SWLPJy/r2Be+2WgQj8plChsyrCNQzW/0WjvcJQiKQJ9mH3ZgB3fxbUUxgc/11ZJ0Fi5KiimWGz2Q=="
        },
        "follow-redirects": {
            "version": "1.14.7",
            "resolved": "https://registry.npmjs.org/follow-redirects/-/follow-redirects-1.14.7.tgz",
            "integrity": "sha512-+hbxoLbFMbRKDwohX8GkTataGqO6Jb7jGwpAlwgy2bIz25XtRm7KEzJM76R1WiNT5SwZkX4Y75SwBolkpmE7iQ=="
        }
    }
}
